
Microsoft Visual Studio Solution File, Format Version 12.00
# Visual Studio 15
VisualStudioVersion = 15.0.28010.2041
MinimumVisualStudioVersion = 10.0.40219.1
Project("{FAE04EC0-301F-11D3-BF4B-00C04F79EFBC}") = "pract8_", "pract8_\pract8_.csproj", "{E25D2305-F42B-4838-BD8D-C87A793DA128}"
EndProject
Global
	GlobalSection(SolutionConfigurationPlatforms) = preSolution
		Debug|Any CPU = Debug|Any CPU
		Release|Any CPU = Release|Any CPU
	EndGlobalSection
	GlobalSection(ProjectConfigurationPlatforms) = postSolution
		{E25D2305-F42B-4838-BD8D-C87A793DA128}.Debug|Any CPU.ActiveCfg = Debug|Any CPU
		{E25D2305-F42B-4838-BD8D-C87A793DA128}.Debug|Any CPU.Build.0 = Debug|Any CPU
		{E25D2305-F42B-4838-BD8D-C87A793DA128}.Release|Any CPU.ActiveCfg = Release|Any CPU
		{E25D2305-F42B-4838-BD8D-C87A793DA128}.Release|Any CPU.Build.0 = Release|Any CPU
	EndGlobalSection
	GlobalSection(SolutionProperties) = preSolution
		HideSolutionNode = FALSE
	EndGlobalSection
	GlobalSection(ExtensibilityGlobals) = postSolution
		SolutionGuid = {A8F266A0-70BB-43DE-8A9C-97C6D4AA3B39}
	EndGlobalSection
EndGlobal
